
Microsoft Visual Studio Solution File, Format Version 12.00
# Visual Studio Version 16
VisualStudioVersion = 16.0.30503.244
MinimumVisualStudioVersion = 10.0.40219.1
Project("{FAE04EC0-301F-11D3-BF4B-00C04F79EFBC}") = "Chatr.Console", "Chatr.Console\Chatr.Console.csproj", "{B2175641-3F51-4AC9-9BF2-61CE287ACB55}"
EndProject
Global
	GlobalSection(SolutionConfigurationPlatforms) = preSolution
		Debug|Any CPU = Debug|Any CPU
		Release|Any CPU = Release|Any CPU
	EndGlobalSection
	GlobalSection(ProjectConfigurationPlatforms) = postSolution
		{B2175641-3F51-4AC9-9BF2-61CE287ACB55}.Debug|Any CPU.ActiveCfg = Debug|Any CPU
		{B2175641-3F51-4AC9-9BF2-61CE287ACB55}.Debug|Any CPU.Build.0 = Debug|Any CPU
		{B2175641-3F51-4AC9-9BF2-61CE287ACB55}.Release|Any CPU.ActiveCfg = Release|Any CPU
		{B2175641-3F51-4AC9-9BF2-61CE287ACB55}.Release|Any CPU.Build.0 = Release|Any CPU
	EndGlobalSection
	GlobalSection(SolutionProperties) = preSolution
		HideSolutionNode = FALSE
	EndGlobalSection
	GlobalSection(ExtensibilityGlobals) = postSolution
		SolutionGuid = {B28A9A97-0283-45CE-9260-2F3A1EA490C5}
	EndGlobalSection
EndGlobal
